
Microsoft Visual Studio Solution File, Format Version 12.00
# Visual Studio Version 16
VisualStudioVersion = 16.0.30517.126
MinimumVisualStudioVersion = 10.0.40219.1
Project("{FAE04EC0-301F-11D3-BF4B-00C04F79EFBC}") = "MiniChatRoom", "MiniChatRoom\MiniChatRoom.csproj", "{371344FE-3968-48F1-B2ED-6F7EA79B1ABC}"
EndProject
Global
	GlobalSection(SolutionConfigurationPlatforms) = preSolution
		Debug|Any CPU = Debug|Any CPU
		Release|Any CPU = Release|Any CPU
	EndGlobalSection
	GlobalSection(ProjectConfigurationPlatforms) = postSolution
		{371344FE-3968-48F1-B2ED-6F7EA79B1ABC}.Debug|Any CPU.ActiveCfg = Debug|Any CPU
		{371344FE-3968-48F1-B2ED-6F7EA79B1ABC}.Debug|Any CPU.Build.0 = Debug|Any CPU
		{371344FE-3968-48F1-B2ED-6F7EA79B1ABC}.Release|Any CPU.ActiveCfg = Release|Any CPU
		{371344FE-3968-48F1-B2ED-6F7EA79B1ABC}.Release|Any CPU.Build.0 = Release|Any CPU
	EndGlobalSection
	GlobalSection(SolutionProperties) = preSolution
		HideSolutionNode = FALSE
	EndGlobalSection
	GlobalSection(ExtensibilityGlobals) = postSolution
		SolutionGuid = {769B2FC3-7E9F-4DB7-AFB8-6BC8FDC76569}
	EndGlobalSection
EndGlobal
